
Microsoft Visual Studio Solution File, Format Version 12.00
# Visual Studio Version 16
VisualStudioVersion = 16.0.31605.320
MinimumVisualStudioVersion = 10.0.40219.1
Project("{FAE04EC0-301F-11D3-BF4B-00C04F79EFBC}") = "ReadCSVFiles", "ReadCSVFiles\ReadCSVFiles.csproj", "{F5A0282D-8154-4E31-B14A-DF712A9FA13E}"
EndProject
Global
	GlobalSection(SolutionConfigurationPlatforms) = preSolution
		Debug|Any CPU = Debug|Any CPU
		Release|Any CPU = Release|Any CPU
	EndGlobalSection
	GlobalSection(ProjectConfigurationPlatforms) = postSolution
		{F5A0282D-8154-4E31-B14A-DF712A9FA13E}.Debug|Any CPU.ActiveCfg = Debug|Any CPU
		{F5A0282D-8154-4E31-B14A-DF712A9FA13E}.Debug|Any CPU.Build.0 = Debug|Any CPU
		{F5A0282D-8154-4E31-B14A-DF712A9FA13E}.Release|Any CPU.ActiveCfg = Release|Any CPU
		{F5A0282D-8154-4E31-B14A-DF712A9FA13E}.Release|Any CPU.Build.0 = Release|Any CPU
	EndGlobalSection
	GlobalSection(SolutionProperties) = preSolution
		HideSolutionNode = FALSE
	EndGlobalSection
	GlobalSection(ExtensibilityGlobals) = postSolution
		SolutionGuid = {AB3A5C20-59FB-4C99-B288-7472EA8E737B}
	EndGlobalSection
EndGlobal
